// !$*UTF8*$!
{
	archiveVersion = 1;
	classes = {
	};
	objectVersion = 56;
	objects = {

/* Begin PBXBuildFile section */
		2B1AD36A2A56F75000747B2A /* WeekView.swift in Sources */ = {isa = PBXBuildFile; fileRef = 2B1AD3692A56F75000747B2A /* WeekView.swift */; };
		2B1AD36C2A56FAB200747B2A /* WeekDayView.swift in Sources */ = {isa = PBXBuildFile; fileRef = 2B1AD36B2A56FAB200747B2A /* WeekDayView.swift */; };
		2B1AD36E2A57095E00747B2A /* Date + ext.swift in Sources */ = {isa = PBXBuildFile; fileRef = 2B1AD36D2A57095E00747B2A /* Date + ext.swift */; };
		2B27CF732A55EF6D0018F738 /* OverviewNavBar.swift in Sources */ = {isa = PBXBuildFile; fileRef = 2B27CF722A55EF6D0018F738 /* OverviewNavBar.swift */; };
		2B27CF752A55EFCA0018F738 /* BaseView.swift in Sources */ = {isa = PBXBuildFile; fileRef = 2B27CF742A55EFCA0018F738 /* BaseView.swift */; };
		72A20A412A4C52B8007C993E /* NavBarController.swift in Sources */ = {isa = PBXBuildFile; fileRef = 72A20A402A4C52B8007C993E /* NavBarController.swift */; };
		72A20A452A4C55E7007C993E /* BaseController.swift in Sources */ = {isa = PBXBuildFile; fileRef = 72A20A442A4C55E7007C993E /* BaseController.swift */; };
		72A20A472A4C5A4C007C993E /* UIView + ext.swift in Sources */ = {isa = PBXBuildFile; fileRef = 72A20A462A4C5A4C007C993E /* UIView + ext.swift */; };
		72A20A4E2A4C5E7F007C993E /* SessionController.swift in Sources */ = {isa = PBXBuildFile; fileRef = 72A20A4D2A4C5E7F007C993E /* SessionController.swift */; };
		72A20A502A4C5ED7007C993E /* ProgressController.swift in Sources */ = {isa = PBXBuildFile; fileRef = 72A20A4F2A4C5ED7007C993E /* ProgressController.swift */; };
		72A20A522A4C5EFA007C993E /* SettingsController.swift in Sources */ = {isa = PBXBuildFile; fileRef = 72A20A512A4C5EFA007C993E /* SettingsController.swift */; };
		72A20A552A4CA411007C993E /* SecondaryButton.swift in Sources */ = {isa = PBXBuildFile; fileRef = 72A20A542A4CA411007C993E /* SecondaryButton.swift */; };
		72E08FDF2A4A092900BC6FBB /* AppDelegate.swift in Sources */ = {isa = PBXBuildFile; fileRef = 72E08FDE2A4A092900BC6FBB /* AppDelegate.swift */; };
		72E08FE12A4A092900BC6FBB /* SceneDelegate.swift in Sources */ = {isa = PBXBuildFile; fileRef = 72E08FE02A4A092900BC6FBB /* SceneDelegate.swift */; };
		72E08FE32A4A092900BC6FBB /* OverviewController.swift in Sources */ = {isa = PBXBuildFile; fileRef = 72E08FE22A4A092900BC6FBB /* OverviewController.swift */; };
		72E08FE82A4A092D00BC6FBB /* Assets.xcassets in Resources */ = {isa = PBXBuildFile; fileRef = 72E08FE72A4A092D00BC6FBB /* Assets.xcassets */; };
		72E08FEB2A4A092D00BC6FBB /* LaunchScreen.storyboard in Resources */ = {isa = PBXBuildFile; fileRef = 72E08FE92A4A092D00BC6FBB /* LaunchScreen.storyboard */; };
		72E08FF52A4A0E6100BC6FBB /* TabBarController.swift in Sources */ = {isa = PBXBuildFile; fileRef = 72E08FF42A4A0E6100BC6FBB /* TabBarController.swift */; };
		72E08FF82A4A100D00BC6FBB /* UIColor + ext.swift in Sources */ = {isa = PBXBuildFile; fileRef = 72E08FF72A4A100D00BC6FBB /* UIColor + ext.swift */; };
		72E08FFB2A4A128800BC6FBB /* Resourses.swift in Sources */ = {isa = PBXBuildFile; fileRef = 72E08FFA2A4A128800BC6FBB /* Resourses.swift */; };
/* End PBXBuildFile section */

/* Begin PBXFileReference section */
		2B1AD3692A56F75000747B2A /* WeekView.swift */ = {isa = PBXFileReference; lastKnownFileType = sourcecode.swift; path = WeekView.swift; sourceTree = "<group>"; };
		2B1AD36B2A56FAB200747B2A /* WeekDayView.swift */ = {isa = PBXFileReference; lastKnownFileType = sourcecode.swift; path = WeekDayView.swift; sourceTree = "<group>"; };
		2B1AD36D2A57095E00747B2A /* Date + ext.swift */ = {isa = PBXFileReference; lastKnownFileType = sourcecode.swift; path = "Date + ext.swift"; sourceTree = "<group>"; };
		2B27CF722A55EF6D0018F738 /* OverviewNavBar.swift */ = {isa = PBXFileReference; lastKnownFileType = sourcecode.swift; path = OverviewNavBar.swift; sourceTree = "<group>"; };
		2B27CF742A55EFCA0018F738 /* BaseView.swift */ = {isa = PBXFileReference; lastKnownFileType = sourcecode.swift; path = BaseView.swift; sourceTree = "<group>"; };
		72A20A402A4C52B8007C993E /* NavBarController.swift */ = {isa = PBXFileReference; lastKnownFileType = sourcecode.swift; path = NavBarController.swift; sourceTree = "<group>"; };
		72A20A442A4C55E7007C993E /* BaseController.swift */ = {isa = PBXFileReference; lastKnownFileType = sourcecode.swift; path = BaseController.swift; sourceTree = "<group>"; };
		72A20A462A4C5A4C007C993E /* UIView + ext.swift */ = {isa = PBXFileReference; lastKnownFileType = sourcecode.swift; path = "UIView + ext.swift"; sourceTree = "<group>"; };
		72A20A4D2A4C5E7F007C993E /* SessionController.swift */ = {isa = PBXFileReference; lastKnownFileType = sourcecode.swift; path = SessionController.swift; sourceTree = "<group>"; };
		72A20A4F2A4C5ED7007C993E /* ProgressController.swift */ = {isa = PBXFileReference; lastKnownFileType = sourcecode.swift; path = ProgressController.swift; sourceTree = "<group>"; };
		72A20A512A4C5EFA007C993E /* SettingsController.swift */ = {isa = PBXFileReference; lastKnownFileType = sourcecode.swift; path = SettingsController.swift; sourceTree = "<group>"; };
		72A20A542A4CA411007C993E /* SecondaryButton.swift */ = {isa = PBXFileReference; lastKnownFileType = sourcecode.swift; path = SecondaryButton.swift; sourceTree = "<group>"; };
		72E08FDB2A4A092900BC6FBB /* WorkOut App.app */ = {isa = PBXFileReference; explicitFileType = wrapper.application; includeInIndex = 0; path = "WorkOut App.app"; sourceTree = BUILT_PRODUCTS_DIR; };
		72E08FDE2A4A092900BC6FBB /* AppDelegate.swift */ = {isa = PBXFileReference; lastKnownFileType = sourcecode.swift; path = AppDelegate.swift; sourceTree = "<group>"; };
		72E08FE02A4A092900BC6FBB /* SceneDelegate.swift */ = {isa = PBXFileReference; lastKnownFileType = sourcecode.swift; path = SceneDelegate.swift; sourceTree = "<group>"; };
		72E08FE22A4A092900BC6FBB /* OverviewController.swift */ = {isa = PBXFileReference; lastKnownFileType = sourcecode.swift; path = OverviewController.swift; sourceTree = "<group>"; };
		72E08FE72A4A092D00BC6FBB /* Assets.xcassets */ = {isa = PBXFileReference; lastKnownFileType = folder.assetcatalog; path = Assets.xcassets; sourceTree = "<group>"; };
		72E08FEA2A4A092D00BC6FBB /* Base */ = {isa = PBXFileReference; lastKnownFileType = file.storyboard; name = Base; path = Base.lproj/LaunchScreen.storyboard; sourceTree = "<group>"; };
		72E08FEC2A4A092D00BC6FBB /* Info.plist */ = {isa = PBXFileReference; lastKnownFileType = text.plist.xml; path = Info.plist; sourceTree = "<group>"; };
		72E08FF42A4A0E6100BC6FBB /* TabBarController.swift */ = {isa = PBXFileReference; lastKnownFileType = sourcecode.swift; path = TabBarController.swift; sourceTree = "<group>"; };
		72E08FF72A4A100D00BC6FBB /* UIColor + ext.swift */ = {isa = PBXFileReference; lastKnownFileType = sourcecode.swift; path = "UIColor + ext.swift"; sourceTree = "<group>"; };
		72E08FFA2A4A128800BC6FBB /* Resourses.swift */ = {isa = PBXFileReference; lastKnownFileType = sourcecode.swift; path = Resourses.swift; sourceTree = "<group>"; };
/* End PBXFileReference section */

/* Begin PBXFrameworksBuildPhase section */
		72E08FD82A4A092900BC6FBB /* Frameworks */ = {
			isa = PBXFrameworksBuildPhase;
			buildActionMask = 2147483647;
			files = (
			);
			runOnlyForDeploymentPostprocessing = 0;
		};
/* End PBXFrameworksBuildPhase section */

/* Begin PBXGroup section */
		2B1AD3682A56F73F00747B2A /* WeekView */ = {
			isa = PBXGroup;
			children = (
				2B1AD3692A56F75000747B2A /* WeekView.swift */,
				2B1AD36B2A56FAB200747B2A /* WeekDayView.swift */,
			);
			path = WeekView;
			sourceTree = "<group>";
		};
		72A20A432A4C5597007C993E /* Controllers */ = {
			isa = PBXGroup;
			children = (
				72A20A4C2A4C5CA5007C993E /* Settings */,
				72A20A4B2A4C5C9B007C993E /* Progres */,
				72A20A4A2A4C5C92007C993E /* Session */,
				72A20A492A4C5C81007C993E /* Overview */,
				72A20A482A4C5C3C007C993E /* Base */,
			);
			path = Controllers;
			sourceTree = "<group>";
		};
		72A20A482A4C5C3C007C993E /* Base */ = {
			isa = PBXGroup;
			children = (
				72E08FF42A4A0E6100BC6FBB /* TabBarController.swift */,
				72A20A402A4C52B8007C993E /* NavBarController.swift */,
				72A20A442A4C55E7007C993E /* BaseController.swift */,
				2B27CF742A55EFCA0018F738 /* BaseView.swift */,
			);
			path = Base;
			sourceTree = "<group>";
		};
		72A20A492A4C5C81007C993E /* Overview */ = {
			isa = PBXGroup;
			children = (
				72A20A532A4CA3D6007C993E /* Views */,
				72E08FE22A4A092900BC6FBB /* OverviewController.swift */,
			);
			path = Overview;
			sourceTree = "<group>";
		};
		72A20A4A2A4C5C92007C993E /* Session */ = {
			isa = PBXGroup;
			children = (
				72A20A4D2A4C5E7F007C993E /* SessionController.swift */,
			);
			path = Session;
			sourceTree = "<group>";
		};
		72A20A4B2A4C5C9B007C993E /* Progres */ = {
			isa = PBXGroup;
			children = (
				72A20A4F2A4C5ED7007C993E /* ProgressController.swift */,
			);
			path = Progres;
			sourceTree = "<group>";
		};
		72A20A4C2A4C5CA5007C993E /* Settings */ = {
			isa = PBXGroup;
			children = (
				72A20A512A4C5EFA007C993E /* SettingsController.swift */,
			);
			path = Settings;
			sourceTree = "<group>";
		};
		72A20A532A4CA3D6007C993E /* Views */ = {
			isa = PBXGroup;
			children = (
				2B1AD3682A56F73F00747B2A /* WeekView */,
				72A20A542A4CA411007C993E /* SecondaryButton.swift */,
				2B27CF722A55EF6D0018F738 /* OverviewNavBar.swift */,
			);
			path = Views;
			sourceTree = "<group>";
		};
		72E08FD22A4A092900BC6FBB = {
			isa = PBXGroup;
			children = (
				72E08FDD2A4A092900BC6FBB /* WorkOut App */,
				72E08FDC2A4A092900BC6FBB /* Products */,
			);
			sourceTree = "<group>";
		};
		72E08FDC2A4A092900BC6FBB /* Products */ = {
			isa = PBXGroup;
			children = (
				72E08FDB2A4A092900BC6FBB /* WorkOut App.app */,
			);
			name = Products;
			sourceTree = "<group>";
		};
		72E08FDD2A4A092900BC6FBB /* WorkOut App */ = {
			isa = PBXGroup;
			children = (
				72E08FF62A4A0FD300BC6FBB /* Helpers */,
				72E08FF22A4A09BF00BC6FBB /* Application */,
				72A20A432A4C5597007C993E /* Controllers */,
				72E08FF32A4A0A0B00BC6FBB /* SupportingFiles */,
			);
			path = "WorkOut App";
			sourceTree = "<group>";
		};
		72E08FF22A4A09BF00BC6FBB /* Application */ = {
			isa = PBXGroup;
			children = (
				72E08FDE2A4A092900BC6FBB /* AppDelegate.swift */,
				72E08FE02A4A092900BC6FBB /* SceneDelegate.swift */,
			);
			path = Application;
			sourceTree = "<group>";
		};
		72E08FF32A4A0A0B00BC6FBB /* SupportingFiles */ = {
			isa = PBXGroup;
			children = (
				72E08FE72A4A092D00BC6FBB /* Assets.xcassets */,
				72E08FE92A4A092D00BC6FBB /* LaunchScreen.storyboard */,
				72E08FEC2A4A092D00BC6FBB /* Info.plist */,
			);
			name = SupportingFiles;
			sourceTree = "<group>";
		};
		72E08FF62A4A0FD300BC6FBB /* Helpers */ = {
			isa = PBXGroup;
			children = (
				72E08FF92A4A104100BC6FBB /* Extensions */,
				72E08FFA2A4A128800BC6FBB /* Resourses.swift */,
			);
			path = Helpers;
			sourceTree = "<group>";
		};
		72E08FF92A4A104100BC6FBB /* Extensions */ = {
			isa = PBXGroup;
			children = (
				72E08FF72A4A100D00BC6FBB /* UIColor + ext.swift */,
				72A20A462A4C5A4C007C993E /* UIView + ext.swift */,
				2B1AD36D2A57095E00747B2A /* Date + ext.swift */,
			);
			path = Extensions;
			sourceTree = "<group>";
		};
/* End PBXGroup section */

/* Begin PBXNativeTarget section */
		72E08FDA2A4A092900BC6FBB /* WorkOut App */ = {
			isa = PBXNativeTarget;
			buildConfigurationList = 72E08FEF2A4A092E00BC6FBB /* Build configuration list for PBXNativeTarget "WorkOut App" */;
			buildPhases = (
				72E08FD72A4A092900BC6FBB /* Sources */,
				72E08FD82A4A092900BC6FBB /* Frameworks */,
				72E08FD92A4A092900BC6FBB /* Resources */,
			);
			buildRules = (
			);
			dependencies = (
			);
			name = "WorkOut App";
			productName = "WorkOut App";
			productReference = 72E08FDB2A4A092900BC6FBB /* WorkOut App.app */;
			productType = "com.apple.product-type.application";
		};
/* End PBXNativeTarget section */

/* Begin PBXProject section */
		72E08FD32A4A092900BC6FBB /* Project object */ = {
			isa = PBXProject;
			attributes = {
				BuildIndependentTargetsInParallel = 1;
				LastSwiftUpdateCheck = 1430;
				LastUpgradeCheck = 1430;
				TargetAttributes = {
					72E08FDA2A4A092900BC6FBB = {
						CreatedOnToolsVersion = 14.3;
					};
				};
			};
			buildConfigurationList = 72E08FD62A4A092900BC6FBB /* Build configuration list for PBXProject "WorkOut App" */;
			compatibilityVersion = "Xcode 14.0";
			developmentRegion = en;
			hasScannedForEncodings = 0;
			knownRegions = (
				en,
				Base,
			);
			mainGroup = 72E08FD22A4A092900BC6FBB;
			productRefGroup = 72E08FDC2A4A092900BC6FBB /* Products */;
			projectDirPath = "";
			projectRoot = "";
			targets = (
				72E08FDA2A4A092900BC6FBB /* WorkOut App */,
			);
		};
/* End PBXProject section */

/* Begin PBXResourcesBuildPhase section */
		72E08FD92A4A092900BC6FBB /* Resources */ = {
			isa = PBXResourcesBuildPhase;
			buildActionMask = 2147483647;
			files = (
				72E08FEB2A4A092D00BC6FBB /* LaunchScreen.storyboard in Resources */,
				72E08FE82A4A092D00BC6FBB /* Assets.xcassets in Resources */,
			);
			runOnlyForDeploymentPostprocessing = 0;
		};
/* End PBXResourcesBuildPhase section */

/* Begin PBXSourcesBuildPhase section */
		72E08FD72A4A092900BC6FBB /* Sources */ = {
			isa = PBXSourcesBuildPhase;
			buildActionMask = 2147483647;
			files = (
				2B1AD36A2A56F75000747B2A /* WeekView.swift in Sources */,
				2B1AD36E2A57095E00747B2A /* Date + ext.swift in Sources */,
				72A20A522A4C5EFA007C993E /* SettingsController.swift in Sources */,
				72E08FE32A4A092900BC6FBB /* OverviewController.swift in Sources */,
				2B27CF732A55EF6D0018F738 /* OverviewNavBar.swift in Sources */,
				72A20A472A4C5A4C007C993E /* UIView + ext.swift in Sources */,
				72E08FF52A4A0E6100BC6FBB /* TabBarController.swift in Sources */,
				72E08FDF2A4A092900BC6FBB /* AppDelegate.swift in Sources */,
				72A20A4E2A4C5E7F007C993E /* SessionController.swift in Sources */,
				72A20A552A4CA411007C993E /* SecondaryButton.swift in Sources */,
				72A20A502A4C5ED7007C993E /* ProgressController.swift in Sources */,
				72A20A412A4C52B8007C993E /* NavBarController.swift in Sources */,
				72E08FFB2A4A128800BC6FBB /* Resourses.swift in Sources */,
				72E08FF82A4A100D00BC6FBB /* UIColor + ext.swift in Sources */,
				2B27CF752A55EFCA0018F738 /* BaseView.swift in Sources */,
				2B1AD36C2A56FAB200747B2A /* WeekDayView.swift in Sources */,
				72A20A452A4C55E7007C993E /* BaseController.swift in Sources */,
				72E08FE12A4A092900BC6FBB /* SceneDelegate.swift in Sources */,
			);
			runOnlyForDeploymentPostprocessing = 0;
		};
/* End PBXSourcesBuildPhase section */

/* Begin PBXVariantGroup section */
		72E08FE92A4A092D00BC6FBB /* LaunchScreen.storyboard */ = {
			isa = PBXVariantGroup;
			children = (
				72E08FEA2A4A092D00BC6FBB /* Base */,
			);
			name = LaunchScreen.storyboard;
			sourceTree = "<group>";
		};
/* End PBXVariantGroup section */

/* Begin XCBuildConfiguration section */
		72E08FED2A4A092E00BC6FBB /* Debug */ = {
			isa = XCBuildConfiguration;
			buildSettings = {
				ALWAYS_SEARCH_USER_PATHS = NO;
				CLANG_ANALYZER_NONNULL = YES;
				CLANG_ANALYZER_NUMBER_OBJECT_CONVERSION = YES_AGGRESSIVE;
				CLANG_CXX_LANGUAGE_STANDARD = "gnu++20";
				CLANG_ENABLE_MODULES = YES;
				CLANG_ENABLE_OBJC_ARC = YES;
				CLANG_ENABLE_OBJC_WEAK = YES;
				CLANG_WARN_BLOCK_CAPTURE_AUTORELEASING = YES;
				CLANG_WARN_BOOL_CONVERSION = YES;
				CLANG_WARN_COMMA = YES;
				CLANG_WARN_CONSTANT_CONVERSION = YES;
				CLANG_WARN_DEPRECATED_OBJC_IMPLEMENTATIONS = YES;
				CLANG_WARN_DIRECT_OBJC_ISA_USAGE = YES_ERROR;
				CLANG_WARN_DOCUMENTATION_COMMENTS = YES;
				CLANG_WARN_EMPTY_BODY = YES;
				CLANG_WARN_ENUM_CONVERSION = YES;
				CLANG_WARN_INFINITE_RECURSION = YES;
				CLANG_WARN_INT_CONVERSION = YES;
				CLANG_WARN_NON_LITERAL_NULL_CONVERSION = YES;
				CLANG_WARN_OBJC_IMPLICIT_RETAIN_SELF = YES;
				CLANG_WARN_OBJC_LITERAL_CONVERSION = YES;
				CLANG_WARN_OBJC_ROOT_CLASS = YES_ERROR;
				CLANG_WARN_QUOTED_INCLUDE_IN_FRAMEWORK_HEADER = YES;
				CLANG_WARN_RANGE_LOOP_ANALYSIS = YES;
				CLANG_WARN_STRICT_PROTOTYPES = YES;
				CLANG_WARN_SUSPICIOUS_MOVE = YES;
				CLANG_WARN_UNGUARDED_AVAILABILITY = YES_AGGRESSIVE;
				CLANG_WARN_UNREACHABLE_CODE = YES;
				CLANG_WARN__DUPLICATE_METHOD_MATCH = YES;
				COPY_PHASE_STRIP = NO;
				DEBUG_INFORMATION_FORMAT = dwarf;
				ENABLE_STRICT_OBJC_MSGSEND = YES;
				ENABLE_TESTABILITY = YES;
				GCC_C_LANGUAGE_STANDARD = gnu11;
				GCC_DYNAMIC_NO_PIC = NO;
				GCC_NO_COMMON_BLOCKS = YES;
				GCC_OPTIMIZATION_LEVEL = 0;
				GCC_PREPROCESSOR_DEFINITIONS = (
					"DEBUG=1",
					"$(inherited)",
				);
				GCC_WARN_64_TO_32_BIT_CONVERSION = YES;
				GCC_WARN_ABOUT_RETURN_TYPE = YES_ERROR;
				GCC_WARN_UNDECLARED_SELECTOR = YES;
				GCC_WARN_UNINITIALIZED_AUTOS = YES_AGGRESSIVE;
				GCC_WARN_UNUSED_FUNCTION = YES;
				GCC_WARN_UNUSED_VARIABLE = YES;
				IPHONEOS_DEPLOYMENT_TARGET = 16.4;
				MTL_ENABLE_DEBUG_INFO = INCLUDE_SOURCE;
				MTL_FAST_MATH = YES;
				ONLY_ACTIVE_ARCH = YES;
				SDKROOT = iphoneos;
				SWIFT_ACTIVE_COMPILATION_CONDITIONS = DEBUG;
				SWIFT_OPTIMIZATION_LEVEL = "-Onone";
			};
			name = Debug;
		};
		72E08FEE2A4A092E00BC6FBB /* Release */ = {
			isa = XCBuildConfiguration;
			buildSettings = {
				ALWAYS_SEARCH_USER_PATHS = NO;
				CLANG_ANALYZER_NONNULL = YES;
				CLANG_ANALYZER_NUMBER_OBJECT_CONVERSION = YES_AGGRESSIVE;
				CLANG_CXX_LANGUAGE_STANDARD = "gnu++20";
				CLANG_ENABLE_MODULES = YES;
				CLANG_ENABLE_OBJC_ARC = YES;
				CLANG_ENABLE_OBJC_WEAK = YES;
				CLANG_WARN_BLOCK_CAPTURE_AUTORELEASING = YES;
				CLANG_WARN_BOOL_CONVERSION = YES;
				CLANG_WARN_COMMA = YES;
				CLANG_WARN_CONSTANT_CONVERSION = YES;
				CLANG_WARN_DEPRECATED_OBJC_IMPLEMENTATIONS = YES;
				CLANG_WARN_DIRECT_OBJC_ISA_USAGE = YES_ERROR;
				CLANG_WARN_DOCUMENTATION_COMMENTS = YES;
				CLANG_WARN_EMPTY_BODY = YES;
				CLANG_WARN_ENUM_CONVERSION = YES;
				CLANG_WARN_INFINITE_RECURSION = YES;
				CLANG_WARN_INT_CONVERSION = YES;
				CLANG_WARN_NON_LITERAL_NULL_CONVERSION = YES;
				CLANG_WARN_OBJC_IMPLICIT_RETAIN_SELF = YES;
				CLANG_WARN_OBJC_LITERAL_CONVERSION = YES;
				CLANG_WARN_OBJC_ROOT_CLASS = YES_ERROR;
				CLANG_WARN_QUOTED_INCLUDE_IN_FRAMEWORK_HEADER = YES;
				CLANG_WARN_RANGE_LOOP_ANALYSIS = YES;
				CLANG_WARN_STRICT_PROTOTYPES = YES;
				CLANG_WARN_SUSPICIOUS_MOVE = YES;
				CLANG_WARN_UNGUARDED_AVAILABILITY = YES_AGGRESSIVE;
				CLANG_WARN_UNREACHABLE_CODE = YES;
				CLANG_WARN__DUPLICATE_METHOD_MATCH = YES;
				COPY_PHASE_STRIP = NO;
				DEBUG_INFORMATION_FORMAT = "dwarf-with-dsym";
				ENABLE_NS_ASSERTIONS = NO;
				ENABLE_STRICT_OBJC_MSGSEND = YES;
				GCC_C_LANGUAGE_STANDARD = gnu11;
				GCC_NO_COMMON_BLOCKS = YES;
				GCC_WARN_64_TO_32_BIT_CONVERSION = YES;
				GCC_WARN_ABOUT_RETURN_TYPE = YES_ERROR;
				GCC_WARN_UNDECLARED_SELECTOR = YES;
				GCC_WARN_UNINITIALIZED_AUTOS = YES_AGGRESSIVE;
				GCC_WARN_UNUSED_FUNCTION = YES;
				GCC_WARN_UNUSED_VARIABLE = YES;
				IPHONEOS_DEPLOYMENT_TARGET = 16.4;
				MTL_ENABLE_DEBUG_INFO = NO;
				MTL_FAST_MATH = YES;
				SDKROOT = iphoneos;
				SWIFT_COMPILATION_MODE = wholemodule;
				SWIFT_OPTIMIZATION_LEVEL = "-O";
				VALIDATE_PRODUCT = YES;
			};
			name = Release;
		};
		72E08FF02A4A092E00BC6FBB /* Debug */ = {
			isa = XCBuildConfiguration;
			buildSettings = {
				ASSETCATALOG_COMPILER_APPICON_NAME = AppIcon;
				ASSETCATALOG_COMPILER_GLOBAL_ACCENT_COLOR_NAME = AccentColor;
				CODE_SIGN_STYLE = Automatic;
				CURRENT_PROJECT_VERSION = 1;
				DEVELOPMENT_TEAM = 22664Y588Z;
				GENERATE_INFOPLIST_FILE = YES;
				INFOPLIST_FILE = "WorkOut App/Info.plist";
				INFOPLIST_KEY_UIApplicationSupportsIndirectInputEvents = YES;
				INFOPLIST_KEY_UILaunchStoryboardName = LaunchScreen;
				INFOPLIST_KEY_UISupportedInterfaceOrientations = UIInterfaceOrientationPortrait;
				INFOPLIST_KEY_UISupportedInterfaceOrientations_iPad = "UIInterfaceOrientationLandscapeLeft UIInterfaceOrientationPortrait";
				LD_RUNPATH_SEARCH_PATHS = (
					"$(inherited)",
					"@executable_path/Frameworks",
				);
				MARKETING_VERSION = 1.0;
				PRODUCT_BUNDLE_IDENTIFIER = "vintage.WorkOut-App";
				PRODUCT_NAME = "$(TARGET_NAME)";
				SUPPORTED_PLATFORMS = "iphoneos iphonesimulator";
				SUPPORTS_MACCATALYST = NO;
				SUPPORTS_MAC_DESIGNED_FOR_IPHONE_IPAD = NO;
				SWIFT_EMIT_LOC_STRINGS = YES;
				SWIFT_VERSION = 5.0;
				TARGETED_DEVICE_FAMILY = 1;
			};
			name = Debug;
		};
		72E08FF12A4A092E00BC6FBB /* Release */ = {
			isa = XCBuildConfiguration;
			buildSettings = {
				ASSETCATALOG_COMPILER_APPICON_NAME = AppIcon;
				ASSETCATALOG_COMPILER_GLOBAL_ACCENT_COLOR_NAME = AccentColor;
				CODE_SIGN_STYLE = Automatic;
				CURRENT_PROJECT_VERSION = 1;
				DEVELOPMENT_TEAM = 22664Y588Z;
				GENERATE_INFOPLIST_FILE = YES;
				INFOPLIST_FILE = "WorkOut App/Info.plist";
				INFOPLIST_KEY_UIApplicationSupportsIndirectInputEvents = YES;
				INFOPLIST_KEY_UILaunchStoryboardName = LaunchScreen;
				INFOPLIST_KEY_UISupportedInterfaceOrientations = UIInterfaceOrientationPortrait;
				INFOPLIST_KEY_UISupportedInterfaceOrientations_iPad = "UIInterfaceOrientationLandscapeLeft UIInterfaceOrientationPortrait";
				LD_RUNPATH_SEARCH_PATHS = (
					"$(inherited)",
					"@executable_path/Frameworks",
				);
				MARKETING_VERSION = 1.0;
				PRODUCT_BUNDLE_IDENTIFIER = "vintage.WorkOut-App";
				PRODUCT_NAME = "$(TARGET_NAME)";
				SUPPORTED_PLATFORMS = "iphoneos iphonesimulator";
				SUPPORTS_MACCATALYST = NO;
				SUPPORTS_MAC_DESIGNED_FOR_IPHONE_IPAD = NO;
				SWIFT_EMIT_LOC_STRINGS = YES;
				SWIFT_VERSION = 5.0;
				TARGETED_DEVICE_FAMILY = 1;
			};
			name = Release;
		};
/* End XCBuildConfiguration section */

/* Begin XCConfigurationList section */
		72E08FD62A4A092900BC6FBB /* Build configuration list for PBXProject "WorkOut App" */ = {
			isa = XCConfigurationList;
			buildConfigurations = (
				72E08FED2A4A092E00BC6FBB /* Debug */,
				72E08FEE2A4A092E00BC6FBB /* Release */,
			);
			defaultConfigurationIsVisible = 0;
			defaultConfigurationName = Release;
		};
		72E08FEF2A4A092E00BC6FBB /* Build configuration list for PBXNativeTarget "WorkOut App" */ = {
			isa = XCConfigurationList;
			buildConfigurations = (
				72E08FF02A4A092E00BC6FBB /* Debug */,
				72E08FF12A4A092E00BC6FBB /* Release */,
			);
			defaultConfigurationIsVisible = 0;
			defaultConfigurationName = Release;
		};
/* End XCConfigurationList section */
	};
	rootObject = 72E08FD32A4A092900BC6FBB /* Project object */;
}
